Microsoft Visual Studio Solution File, Format Version 12.00
# Visual Studio Version 17
VisualStudioVersion = 17.0.31903.59
MinimumVisualStudioVersion = 10.0.40219.1
Project("{FAE04EC0-301F-11D3-BF4B-00C04F79EFBC}") = "NepUnlPatcher", "NepUnlPatcher\NepUnlPatcher.csproj", "{33CEE793-28F0-4CF7-994A-290AFBE843F4}"
EndProject
Project("{9A19103F-16F7-4668-BE54-9A1E7A4F7556}") = "AssetsTools.NET", "AssetsTools.NET\AssetTools.NET\AssetsTools.NET.csproj", "{E09D5AC2-1A2E-4EC1-94AD-3F5E22F17658}"
EndProject
Global
	GlobalSection(SolutionConfigurationPlatforms) = preSolution
		Debug|x64 = Debug|x64
		Release|x64 = Release|x64
	EndGlobalSection
	GlobalSection(ProjectConfigurationPlatforms) = postSolution
		{33CEE793-28F0-4CF7-994A-290AFBE843F4}.Debug|x64.ActiveCfg = Debug|x64
		{33CEE793-28F0-4CF7-994A-290AFBE843F4}.Debug|x64.Build.0 = Debug|x64
		{33CEE793-28F0-4CF7-994A-290AFBE843F4}.Release|x64.ActiveCfg = Release|x64
		{33CEE793-28F0-4CF7-994A-290AFBE843F4}.Release|x64.Build.0 = Release|x64
		{E09D5AC2-1A2E-4EC1-94AD-3F5E22F17658}.Debug|x64.ActiveCfg = Debug|Any CPU
		{E09D5AC2-1A2E-4EC1-94AD-3F5E22F17658}.Debug|x64.Build.0 = Debug|Any CPU
		{E09D5AC2-1A2E-4EC1-94AD-3F5E22F17658}.Release|x64.ActiveCfg = Release|Any CPU
		{E09D5AC2-1A2E-4EC1-94AD-3F5E22F17658}.Release|x64.Build.0 = Release|Any CPU
	EndGlobalSection
	GlobalSection(SolutionProperties) = preSolution
		HideSolutionNode = FALSE
	EndGlobalSection
	GlobalSection(ExtensibilityGlobals) = postSolution
		SolutionGuid = {9994379D-A06D-4034-A753-C1875AFA5364}
	EndGlobalSection
EndGlobal
